// !$*UTF8*$!
{
	archiveVersion = 1;
	classes = {
	};
	objectVersion = 50;
	objects = {

/* Begin PBXBuildFile section */
		4542508627594EC1002CF259 /* NoduleViewController.swift in Sources */ = {isa = PBXBuildFile; fileRef = 4542508527594EC1002CF259 /* NoduleViewController.swift */; };
		4575D0AF2729DFD400588E99 /* AppDelegate.swift in Sources */ = {isa = PBXBuildFile; fileRef = 4575D0AE2729DFD400588E99 /* AppDelegate.swift */; };
		4575D0B12729DFD400588E99 /* SceneDelegate.swift in Sources */ = {isa = PBXBuildFile; fileRef = 4575D0B02729DFD400588E99 /* SceneDelegate.swift */; };
		4575D0B32729DFD400588E99 /* ViewController.swift in Sources */ = {isa = PBXBuildFile; fileRef = 4575D0B22729DFD400588E99 /* ViewController.swift */; };
		4575D0B62729DFD400588E99 /* Main.storyboard in Resources */ = {isa = PBXBuildFile; fileRef = 4575D0B42729DFD400588E99 /* Main.storyboard */; };
		4575D0B82729DFD900588E99 /* Assets.xcassets in Resources */ = {isa = PBXBuildFile; fileRef = 4575D0B72729DFD900588E99 /* Assets.xcassets */; };
		4575D0BB2729DFD900588E99 /* LaunchScreen.storyboard in Resources */ = {isa = PBXBuildFile; fileRef = 4575D0B92729DFD900588E99 /* LaunchScreen.storyboard */; };
		4575D0C3272AC3C500588E99 /* CategoryDetailsViewController.swift in Sources */ = {isa = PBXBuildFile; fileRef = 4575D0C2272AC3C500588E99 /* CategoryDetailsViewController.swift */; };
		45949FF3272DD8DA003A866D /* ClassifyFindingsViewController.swift in Sources */ = {isa = PBXBuildFile; fileRef = 45949FF2272DD8DA003A866D /* ClassifyFindingsViewController.swift */; };
/* End PBXBuildFile section */

/* Begin PBXFileReference section */
		4542508527594EC1002CF259 /* NoduleViewController.swift */ = {isa = PBXFileReference; lastKnownFileType = sourcecode.swift; path = NoduleViewController.swift; sourceTree = "<group>"; };
		4575D0AB2729DFD400588E99 /* RescueLungSociety.app */ = {isa = PBXFileReference; explicitFileType = wrapper.application; includeInIndex = 0; path = RescueLungSociety.app; sourceTree = BUILT_PRODUCTS_DIR; };
		4575D0AE2729DFD400588E99 /* AppDelegate.swift */ = {isa = PBXFileReference; lastKnownFileType = sourcecode.swift; path = AppDelegate.swift; sourceTree = "<group>"; };
		4575D0B02729DFD400588E99 /* SceneDelegate.swift */ = {isa = PBXFileReference; lastKnownFileType = sourcecode.swift; path = SceneDelegate.swift; sourceTree = "<group>"; };
		4575D0B22729DFD400588E99 /* ViewController.swift */ = {isa = PBXFileReference; lastKnownFileType = sourcecode.swift; path = ViewController.swift; sourceTree = "<group>"; };
		4575D0B52729DFD400588E99 /* Base */ = {isa = PBXFileReference; lastKnownFileType = file.storyboard; name = Base; path = Base.lproj/Main.storyboard; sourceTree = "<group>"; };
		4575D0B72729DFD900588E99 /* Assets.xcassets */ = {isa = PBXFileReference; lastKnownFileType = folder.assetcatalog; path = Assets.xcassets; sourceTree = "<group>"; };
		4575D0BA2729DFD900588E99 /* Base */ = {isa = PBXFileReference; lastKnownFileType = file.storyboard; name = Base; path = Base.lproj/LaunchScreen.storyboard; sourceTree = "<group>"; };
		4575D0BC2729DFD900588E99 /* Info.plist */ = {isa = PBXFileReference; lastKnownFileType = text.plist.xml; path = Info.plist; sourceTree = "<group>"; };
		4575D0C2272AC3C500588E99 /* CategoryDetailsViewController.swift */ = {isa = PBXFileReference; lastKnownFileType = sourcecode.swift; path = CategoryDetailsViewController.swift; sourceTree = "<group>"; };
		45949FF2272DD8DA003A866D /* ClassifyFindingsViewController.swift */ = {isa = PBXFileReference; lastKnownFileType = sourcecode.swift; path = ClassifyFindingsViewController.swift; sourceTree = "<group>"; };
/* End PBXFileReference section */

/* Begin PBXFrameworksBuildPhase section */
		4575D0A82729DFD400588E99 /* Frameworks */ = {
			isa = PBXFrameworksBuildPhase;
			buildActionMask = 2147483647;
			files = (
			);
			runOnlyForDeploymentPostprocessing = 0;
		};
/* End PBXFrameworksBuildPhase section */

/* Begin PBXGroup section */
		4575D0A22729DFD400588E99 = {
			isa = PBXGroup;
			children = (
				4575D0AD2729DFD400588E99 /* RescueLungSociety */,
				4575D0AC2729DFD400588E99 /* Products */,
			);
			sourceTree = "<group>";
		};
		4575D0AC2729DFD400588E99 /* Products */ = {
			isa = PBXGroup;
			children = (
				4575D0AB2729DFD400588E99 /* RescueLungSociety.app */,
			);
			name = Products;
			sourceTree = "<group>";
		};
		4575D0AD2729DFD400588E99 /* RescueLungSociety */ = {
			isa = PBXGroup;
			children = (
				4575D0AE2729DFD400588E99 /* AppDelegate.swift */,
				4575D0B02729DFD400588E99 /* SceneDelegate.swift */,
				4575D0B22729DFD400588E99 /* ViewController.swift */,
				4575D0B42729DFD400588E99 /* Main.storyboard */,
				4542508527594EC1002CF259 /* NoduleViewController.swift */,
				45949FF2272DD8DA003A866D /* ClassifyFindingsViewController.swift */,
				4575D0C2272AC3C500588E99 /* CategoryDetailsViewController.swift */,
				4575D0B72729DFD900588E99 /* Assets.xcassets */,
				4575D0B92729DFD900588E99 /* LaunchScreen.storyboard */,
				4575D0BC2729DFD900588E99 /* Info.plist */,
			);
			path = RescueLungSociety;
			sourceTree = "<group>";
		};
/* End PBXGroup section */

/* Begin PBXNativeTarget section */
		4575D0AA2729DFD400588E99 /* RescueLungSociety */ = {
			isa = PBXNativeTarget;
			buildConfigurationList = 4575D0BF2729DFD900588E99 /* Build configuration list for PBXNativeTarget "RescueLungSociety" */;
			buildPhases = (
				4575D0A72729DFD400588E99 /* Sources */,
				4575D0A82729DFD400588E99 /* Frameworks */,
				4575D0A92729DFD400588E99 /* Resources */,
			);
			buildRules = (
			);
			dependencies = (
			);
			name = RescueLungSociety;
			productName = RescueLungSociety;
			productReference = 4575D0AB2729DFD400588E99 /* RescueLungSociety.app */;
			productType = "com.apple.product-type.application";
		};
/* End PBXNativeTarget section */

/* Begin PBXProject section */
		4575D0A32729DFD400588E99 /* Project object */ = {
			isa = PBXProject;
			attributes = {
				LastSwiftUpdateCheck = 1250;
				LastUpgradeCheck = 1250;
				TargetAttributes = {
					4575D0AA2729DFD400588E99 = {
						CreatedOnToolsVersion = 12.5.1;
					};
				};
			};
			buildConfigurationList = 4575D0A62729DFD400588E99 /* Build configuration list for PBXProject "RescueLungSociety" */;
			compatibilityVersion = "Xcode 9.3";
			developmentRegion = en;
			hasScannedForEncodings = 0;
			knownRegions = (
				en,
				Base,
			);
			mainGroup = 4575D0A22729DFD400588E99;
			productRefGroup = 4575D0AC2729DFD400588E99 /* Products */;
			projectDirPath = "";
			projectRoot = "";
			targets = (
				4575D0AA2729DFD400588E99 /* RescueLungSociety */,
			);
		};
/* End PBXProject section */

/* Begin PBXResourcesBuildPhase section */
		4575D0A92729DFD400588E99 /* Resources */ = {
			isa = PBXResourcesBuildPhase;
			buildActionMask = 2147483647;
			files = (
				4575D0BB2729DFD900588E99 /* LaunchScreen.storyboard in Resources */,
				4575D0B82729DFD900588E99 /* Assets.xcassets in Resources */,
				4575D0B62729DFD400588E99 /* Main.storyboard in Resources */,
			);
			runOnlyForDeploymentPostprocessing = 0;
		};
/* End PBXResourcesBuildPhase section */

/* Begin PBXSourcesBuildPhase section */
		4575D0A72729DFD400588E99 /* Sources */ = {
			isa = PBXSourcesBuildPhase;
			buildActionMask = 2147483647;
			files = (
				4575D0B32729DFD400588E99 /* ViewController.swift in Sources */,
				4542508627594EC1002CF259 /* NoduleViewController.swift in Sources */,
				4575D0C3272AC3C500588E99 /* CategoryDetailsViewController.swift in Sources */,
				4575D0AF2729DFD400588E99 /* AppDelegate.swift in Sources */,
				4575D0B12729DFD400588E99 /* SceneDelegate.swift in Sources */,
				45949FF3272DD8DA003A866D /* ClassifyFindingsViewController.swift in Sources */,
			);
			runOnlyForDeploymentPostprocessing = 0;
		};
/* End PBXSourcesBuildPhase section */

/* Begin PBXVariantGroup section */
		4575D0B42729DFD400588E99 /* Main.storyboard */ = {
			isa = PBXVariantGroup;
			children = (
				4575D0B52729DFD400588E99 /* Base */,
			);
			name = Main.storyboard;
			sourceTree = "<group>";
		};
		4575D0B92729DFD900588E99 /* LaunchScreen.storyboard */ = {
			isa = PBXVariantGroup;
			children = (
				4575D0BA2729DFD900588E99 /* Base */,
			);
			name = LaunchScreen.storyboard;
			sourceTree = "<group>";
		};
/* End PBXVariantGroup section */

/* Begin XCBuildConfiguration section */
		4575D0BD2729DFD900588E99 /* Debug */ = {
			isa = XCBuildConfiguration;
			buildSettings = {
				ALWAYS_SEARCH_USER_PATHS = NO;
				CLANG_ANALYZER_NONNULL = YES;
				CLANG_ANALYZER_NUMBER_OBJECT_CONVERSION = YES_AGGRESSIVE;
				CLANG_CXX_LANGUAGE_STANDARD = "gnu++14";
				CLANG_CXX_LIBRARY = "libc++";
				CLANG_ENABLE_MODULES = YES;
				CLANG_ENABLE_OBJC_ARC = YES;
				CLANG_ENABLE_OBJC_WEAK = YES;
				CLANG_WARN_BLOCK_CAPTURE_AUTORELEASING = YES;
				CLANG_WARN_BOOL_CONVERSION = YES;
				CLANG_WARN_COMMA = YES;
				CLANG_WARN_CONSTANT_CONVERSION = YES;
				CLANG_WARN_DEPRECATED_OBJC_IMPLEMENTATIONS = YES;
				CLANG_WARN_DIRECT_OBJC_ISA_USAGE = YES_ERROR;
				CLANG_WARN_DOCUMENTATION_COMMENTS = YES;
				CLANG_WARN_EMPTY_BODY = YES;
				CLANG_WARN_ENUM_CONVERSION = YES;
				CLANG_WARN_INFINITE_RECURSION = YES;
				CLANG_WARN_INT_CONVERSION = YES;
				CLANG_WARN_NON_LITERAL_NULL_CONVERSION = YES;
				CLANG_WARN_OBJC_IMPLICIT_RETAIN_SELF = YES;
				CLANG_WARN_OBJC_LITERAL_CONVERSION = YES;
				CLANG_WARN_OBJC_ROOT_CLASS = YES_ERROR;
				CLANG_WARN_QUOTED_INCLUDE_IN_FRAMEWORK_HEADER = YES;
				CLANG_WARN_RANGE_LOOP_ANALYSIS = YES;
				CLANG_WARN_STRICT_PROTOTYPES = YES;
				CLANG_WARN_SUSPICIOUS_MOVE = YES;
				CLANG_WARN_UNGUARDED_AVAILABILITY = YES_AGGRESSIVE;
				CLANG_WARN_UNREACHABLE_CODE = YES;
				CLANG_WARN__DUPLICATE_METHOD_MATCH = YES;
				COPY_PHASE_STRIP = NO;
				DEBUG_INFORMATION_FORMAT = dwarf;
				ENABLE_STRICT_OBJC_MSGSEND = YES;
				ENABLE_TESTABILITY = YES;
				GCC_C_LANGUAGE_STANDARD = gnu11;
				GCC_DYNAMIC_NO_PIC = NO;
				GCC_NO_COMMON_BLOCKS = YES;
				GCC_OPTIMIZATION_LEVEL = 0;
				GCC_PREPROCESSOR_DEFINITIONS = (
					"DEBUG=1",
					"$(inherited)",
				);
				GCC_WARN_64_TO_32_BIT_CONVERSION = YES;
				GCC_WARN_ABOUT_RETURN_TYPE = YES_ERROR;
				GCC_WARN_UNDECLARED_SELECTOR = YES;
				GCC_WARN_UNINITIALIZED_AUTOS = YES_AGGRESSIVE;
				GCC_WARN_UNUSED_FUNCTION = YES;
				GCC_WARN_UNUSED_VARIABLE = YES;
				IPHONEOS_DEPLOYMENT_TARGET = 14.5;
				MTL_ENABLE_DEBUG_INFO = INCLUDE_SOURCE;
				MTL_FAST_MATH = YES;
				ONLY_ACTIVE_ARCH = YES;
				SDKROOT = iphoneos;
				SWIFT_ACTIVE_COMPILATION_CONDITIONS = DEBUG;
				SWIFT_OPTIMIZATION_LEVEL = "-Onone";
			};
			name = Debug;
		};
		4575D0BE2729DFD900588E99 /* Release */ = {
			isa = XCBuildConfiguration;
			buildSettings = {
				ALWAYS_SEARCH_USER_PATHS = NO;
				CLANG_ANALYZER_NONNULL = YES;
				CLANG_ANALYZER_NUMBER_OBJECT_CONVERSION = YES_AGGRESSIVE;
				CLANG_CXX_LANGUAGE_STANDARD = "gnu++14";
				CLANG_CXX_LIBRARY = "libc++";
				CLANG_ENABLE_MODULES = YES;
				CLANG_ENABLE_OBJC_ARC = YES;
				CLANG_ENABLE_OBJC_WEAK = YES;
				CLANG_WARN_BLOCK_CAPTURE_AUTORELEASING = YES;
				CLANG_WARN_BOOL_CONVERSION = YES;
				CLANG_WARN_COMMA = YES;
				CLANG_WARN_CONSTANT_CONVERSION = YES;
				CLANG_WARN_DEPRECATED_OBJC_IMPLEMENTATIONS = YES;
				CLANG_WARN_DIRECT_OBJC_ISA_USAGE = YES_ERROR;
				CLANG_WARN_DOCUMENTATION_COMMENTS = YES;
				CLANG_WARN_EMPTY_BODY = YES;
				CLANG_WARN_ENUM_CONVERSION = YES;
				CLANG_WARN_INFINITE_RECURSION = YES;
				CLANG_WARN_INT_CONVERSION = YES;
				CLANG_WARN_NON_LITERAL_NULL_CONVERSION = YES;
				CLANG_WARN_OBJC_IMPLICIT_RETAIN_SELF = YES;
				CLANG_WARN_OBJC_LITERAL_CONVERSION = YES;
				CLANG_WARN_OBJC_ROOT_CLASS = YES_ERROR;
				CLANG_WARN_QUOTED_INCLUDE_IN_FRAMEWORK_HEADER = YES;
				CLANG_WARN_RANGE_LOOP_ANALYSIS = YES;
				CLANG_WARN_STRICT_PROTOTYPES = YES;
				CLANG_WARN_SUSPICIOUS_MOVE = YES;
				CLANG_WARN_UNGUARDED_AVAILABILITY = YES_AGGRESSIVE;
				CLANG_WARN_UNREACHABLE_CODE = YES;
				CLANG_WARN__DUPLICATE_METHOD_MATCH = YES;
				COPY_PHASE_STRIP = NO;
				DEBUG_INFORMATION_FORMAT = "dwarf-with-dsym";
				ENABLE_NS_ASSERTIONS = NO;
				ENABLE_STRICT_OBJC_MSGSEND = YES;
				GCC_C_LANGUAGE_STANDARD = gnu11;
				GCC_NO_COMMON_BLOCKS = YES;
				GCC_WARN_64_TO_32_BIT_CONVERSION = YES;
				GCC_WARN_ABOUT_RETURN_TYPE = YES_ERROR;
				GCC_WARN_UNDECLARED_SELECTOR = YES;
				GCC_WARN_UNINITIALIZED_AUTOS = YES_AGGRESSIVE;
				GCC_WARN_UNUSED_FUNCTION = YES;
				GCC_WARN_UNUSED_VARIABLE = YES;
				IPHONEOS_DEPLOYMENT_TARGET = 14.5;
				MTL_ENABLE_DEBUG_INFO = NO;
				MTL_FAST_MATH = YES;
				SDKROOT = iphoneos;
				SWIFT_COMPILATION_MODE = wholemodule;
				SWIFT_OPTIMIZATION_LEVEL = "-O";
				VALIDATE_PRODUCT = YES;
			};
			name = Release;
		};
		4575D0C02729DFD900588E99 /* Debug */ = {
			isa = XCBuildConfiguration;
			buildSettings = {
				ASSETCATALOG_COMPILER_APPICON_NAME = AppIcon;
				ASSETCATALOG_COMPILER_GLOBAL_ACCENT_COLOR_NAME = AccentColor;
				CODE_SIGN_STYLE = Automatic;
				DEVELOPMENT_TEAM = 9NAZ262ZU8;
				INFOPLIST_FILE = RescueLungSociety/Info.plist;
				LD_RUNPATH_SEARCH_PATHS = (
					"$(inherited)",
					"@executable_path/Frameworks",
				);
				PRODUCT_BUNDLE_IDENTIFIER = com.McKee.RescueLungSociety;
				PRODUCT_NAME = "$(TARGET_NAME)";
				SWIFT_VERSION = 5.0;
				TARGETED_DEVICE_FAMILY = "1,2";
			};
			name = Debug;
		};
		4575D0C12729DFD900588E99 /* Release */ = {
			isa = XCBuildConfiguration;
			buildSettings = {
				ASSETCATALOG_COMPILER_APPICON_NAME = AppIcon;
				ASSETCATALOG_COMPILER_GLOBAL_ACCENT_COLOR_NAME = AccentColor;
				CODE_SIGN_STYLE = Automatic;
				DEVELOPMENT_TEAM = 9NAZ262ZU8;
				INFOPLIST_FILE = RescueLungSociety/Info.plist;
				LD_RUNPATH_SEARCH_PATHS = (
					"$(inherited)",
					"@executable_path/Frameworks",
				);
				PRODUCT_BUNDLE_IDENTIFIER = com.McKee.RescueLungSociety;
				PRODUCT_NAME = "$(TARGET_NAME)";
				SWIFT_VERSION = 5.0;
				TARGETED_DEVICE_FAMILY = "1,2";
			};
			name = Release;
		};
/* End XCBuildConfiguration section */

/* Begin XCConfigurationList section */
		4575D0A62729DFD400588E99 /* Build configuration list for PBXProject "RescueLungSociety" */ = {
			isa = XCConfigurationList;
			buildConfigurations = (
				4575D0BD2729DFD900588E99 /* Debug */,
				4575D0BE2729DFD900588E99 /* Release */,
			);
			defaultConfigurationIsVisible = 0;
			defaultConfigurationName = Release;
		};
		4575D0BF2729DFD900588E99 /* Build configuration list for PBXNativeTarget "RescueLungSociety" */ = {
			isa = XCConfigurationList;
			buildConfigurations = (
				4575D0C02729DFD900588E99 /* Debug */,
				4575D0C12729DFD900588E99 /* Release */,
			);
			defaultConfigurationIsVisible = 0;
			defaultConfigurationName = Release;
		};
/* End XCConfigurationList section */
	};
	rootObject = 4575D0A32729DFD400588E99 /* Project object */;
}
